// !$*UTF8*$!
{
	archiveVersion = 1;
	classes = {
	};
	objectVersion = 50;
	objects = {

/* Begin PBXBuildFile section */
		67F5FF342598B30100A42DB6 /* UI_87App.swift in Sources */ = {isa = PBXBuildFile; fileRef = 67F5FF332598B30100A42DB6 /* UI_87App.swift */; };
		67F5FF362598B30100A42DB6 /* ContentView.swift in Sources */ = {isa = PBXBuildFile; fileRef = 67F5FF352598B30100A42DB6 /* ContentView.swift */; };
		67F5FF382598B30300A42DB6 /* Assets.xcassets in Resources */ = {isa = PBXBuildFile; fileRef = 67F5FF372598B30300A42DB6 /* Assets.xcassets */; };
		67F5FF3B2598B30300A42DB6 /* Preview Assets.xcassets in Resources */ = {isa = PBXBuildFile; fileRef = 67F5FF3A2598B30300A42DB6 /* Preview Assets.xcassets */; };
		67F5FF462598B30300A42DB6 /* UI_87Tests.swift in Sources */ = {isa = PBXBuildFile; fileRef = 67F5FF452598B30300A42DB6 /* UI_87Tests.swift */; };
		67F5FF512598B30300A42DB6 /* UI_87UITests.swift in Sources */ = {isa = PBXBuildFile; fileRef = 67F5FF502598B30300A42DB6 /* UI_87UITests.swift */; };
/* End PBXBuildFile section */

/* Begin PBXContainerItemProxy section */
		67F5FF422598B30300A42DB6 /* PBXContainerItemProxy */ = {
			isa = PBXContainerItemProxy;
			containerPortal = 67F5FF282598B30100A42DB6 /* Project object */;
			proxyType = 1;
			remoteGlobalIDString = 67F5FF2F2598B30100A42DB6;
			remoteInfo = "UI-87";
		};
		67F5FF4D2598B30300A42DB6 /* PBXContainerItemProxy */ = {
			isa = PBXContainerItemProxy;
			containerPortal = 67F5FF282598B30100A42DB6 /* Project object */;
			proxyType = 1;
			remoteGlobalIDString = 67F5FF2F2598B30100A42DB6;
			remoteInfo = "UI-87";
		};
/* End PBXContainerItemProxy section */

/* Begin PBXFileReference section */
		67F5FF302598B30100A42DB6 /* UI-87.app */ = {isa = PBXFileReference; explicitFileType = wrapper.application; includeInIndex = 0; path = "UI-87.app"; sourceTree = BUILT_PRODUCTS_DIR; };
		67F5FF332598B30100A42DB6 /* UI_87App.swift */ = {isa = PBXFileReference; lastKnownFileType = sourcecode.swift; path = UI_87App.swift; sourceTree = "<group>"; };
		67F5FF352598B30100A42DB6 /* ContentView.swift */ = {isa = PBXFileReference; lastKnownFileType = sourcecode.swift; path = ContentView.swift; sourceTree = "<group>"; };
		67F5FF372598B30300A42DB6 /* Assets.xcassets */ = {isa = PBXFileReference; lastKnownFileType = folder.assetcatalog; path = Assets.xcassets; sourceTree = "<group>"; };
		67F5FF3A2598B30300A42DB6 /* Preview Assets.xcassets */ = {isa = PBXFileReference; lastKnownFileType = folder.assetcatalog; path = "Preview Assets.xcassets"; sourceTree = "<group>"; };
		67F5FF3C2598B30300A42DB6 /* Info.plist */ = {isa = PBXFileReference; lastKnownFileType = text.plist.xml; path = Info.plist; sourceTree = "<group>"; };
		67F5FF412598B30300A42DB6 /* UI-87Tests.xctest */ = {isa = PBXFileReference; explicitFileType = wrapper.cfbundle; includeInIndex = 0; path = "UI-87Tests.xctest"; sourceTree = BUILT_PRODUCTS_DIR; };
		67F5FF452598B30300A42DB6 /* UI_87Tests.swift */ = {isa = PBXFileReference; lastKnownFileType = sourcecode.swift; path = UI_87Tests.swift; sourceTree = "<group>"; };
		67F5FF472598B30300A42DB6 /* Info.plist */ = {isa = PBXFileReference; lastKnownFileType = text.plist.xml; path = Info.plist; sourceTree = "<group>"; };
		67F5FF4C2598B30300A42DB6 /* UI-87UITests.xctest */ = {isa = PBXFileReference; explicitFileType = wrapper.cfbundle; includeInIndex = 0; path = "UI-87UITests.xctest"; sourceTree = BUILT_PRODUCTS_DIR; };
		67F5FF502598B30300A42DB6 /* UI_87UITests.swift */ = {isa = PBXFileReference; lastKnownFileType = sourcecode.swift; path = UI_87UITests.swift; sourceTree = "<group>"; };
		67F5FF522598B30300A42DB6 /* Info.plist */ = {isa = PBXFileReference; lastKnownFileType = text.plist.xml; path = Info.plist; sourceTree = "<group>"; };
/* End PBXFileReference section */

/* Begin PBXFrameworksBuildPhase section */
		67F5FF2D2598B30100A42DB6 /* Frameworks */ = {
			isa = PBXFrameworksBuildPhase;
			buildActionMask = 2147483647;
			files = (
			);
			runOnlyForDeploymentPostprocessing = 0;
		};
		67F5FF3E2598B30300A42DB6 /* Frameworks */ = {
			isa = PBXFrameworksBuildPhase;
			buildActionMask = 2147483647;
			files = (
			);
			runOnlyForDeploymentPostprocessing = 0;
		};
		67F5FF492598B30300A42DB6 /* Frameworks */ = {
			isa = PBXFrameworksBuildPhase;
			buildActionMask = 2147483647;
			files = (
			);
			runOnlyForDeploymentPostprocessing = 0;
		};
/* End PBXFrameworksBuildPhase section */

/* Begin PBXGroup section */
		67F5FF272598B30100A42DB6 = {
			isa = PBXGroup;
			children = (
				67F5FF322598B30100A42DB6 /* UI-87 */,
				67F5FF442598B30300A42DB6 /* UI-87Tests */,
				67F5FF4F2598B30300A42DB6 /* UI-87UITests */,
				67F5FF312598B30100A42DB6 /* Products */,
			);
			sourceTree = "<group>";
		};
		67F5FF312598B30100A42DB6 /* Products */ = {
			isa = PBXGroup;
			children = (
				67F5FF302598B30100A42DB6 /* UI-87.app */,
				67F5FF412598B30300A42DB6 /* UI-87Tests.xctest */,
				67F5FF4C2598B30300A42DB6 /* UI-87UITests.xctest */,
			);
			name = Products;
			sourceTree = "<group>";
		};
		67F5FF322598B30100A42DB6 /* UI-87 */ = {
			isa = PBXGroup;
			children = (
				67F5FF332598B30100A42DB6 /* UI_87App.swift */,
				67F5FF352598B30100A42DB6 /* ContentView.swift */,
				67F5FF372598B30300A42DB6 /* Assets.xcassets */,
				67F5FF3C2598B30300A42DB6 /* Info.plist */,
				67F5FF392598B30300A42DB6 /* Preview Content */,
			);
			path = "UI-87";
			sourceTree = "<group>";
		};
		67F5FF392598B30300A42DB6 /* Preview Content */ = {
			isa = PBXGroup;
			children = (
				67F5FF3A2598B30300A42DB6 /* Preview Assets.xcassets */,
			);
			path = "Preview Content";
			sourceTree = "<group>";
		};
		67F5FF442598B30300A42DB6 /* UI-87Tests */ = {
			isa = PBXGroup;
			children = (
				67F5FF452598B30300A42DB6 /* UI_87Tests.swift */,
				67F5FF472598B30300A42DB6 /* Info.plist */,
			);
			path = "UI-87Tests";
			sourceTree = "<group>";
		};
		67F5FF4F2598B30300A42DB6 /* UI-87UITests */ = {
			isa = PBXGroup;
			children = (
				67F5FF502598B30300A42DB6 /* UI_87UITests.swift */,
				67F5FF522598B30300A42DB6 /* Info.plist */,
			);
			path = "UI-87UITests";
			sourceTree = "<group>";
		};
/* End PBXGroup section */

/* Begin PBXNativeTarget section */
		67F5FF2F2598B30100A42DB6 /* UI-87 */ = {
			isa = PBXNativeTarget;
			buildConfigurationList = 67F5FF552598B30300A42DB6 /* Build configuration list for PBXNativeTarget "UI-87" */;
			buildPhases = (
				67F5FF2C2598B30100A42DB6 /* Sources */,
				67F5FF2D2598B30100A42DB6 /* Frameworks */,
				67F5FF2E2598B30100A42DB6 /* Resources */,
			);
			buildRules = (
			);
			dependencies = (
			);
			name = "UI-87";
			productName = "UI-87";
			productReference = 67F5FF302598B30100A42DB6 /* UI-87.app */;
			productType = "com.apple.product-type.application";
		};
		67F5FF402598B30300A42DB6 /* UI-87Tests */ = {
			isa = PBXNativeTarget;
			buildConfigurationList = 67F5FF582598B30300A42DB6 /* Build configuration list for PBXNativeTarget "UI-87Tests" */;
			buildPhases = (
				67F5FF3D2598B30300A42DB6 /* Sources */,
				67F5FF3E2598B30300A42DB6 /* Frameworks */,
				67F5FF3F2598B30300A42DB6 /* Resources */,
			);
			buildRules = (
			);
			dependencies = (
				67F5FF432598B30300A42DB6 /* PBXTargetDependency */,
			);
			name = "UI-87Tests";
			productName = "UI-87Tests";
			productReference = 67F5FF412598B30300A42DB6 /* UI-87Tests.xctest */;
			productType = "com.apple.product-type.bundle.unit-test";
		};
		67F5FF4B2598B30300A42DB6 /* UI-87UITests */ = {
			isa = PBXNativeTarget;
			buildConfigurationList = 67F5FF5B2598B30300A42DB6 /* Build configuration list for PBXNativeTarget "UI-87UITests" */;
			buildPhases = (
				67F5FF482598B30300A42DB6 /* Sources */,
				67F5FF492598B30300A42DB6 /* Frameworks */,
				67F5FF4A2598B30300A42DB6 /* Resources */,
			);
			buildRules = (
			);
			dependencies = (
				67F5FF4E2598B30300A42DB6 /* PBXTargetDependency */,
			);
			name = "UI-87UITests";
			productName = "UI-87UITests";
			productReference = 67F5FF4C2598B30300A42DB6 /* UI-87UITests.xctest */;
			productType = "com.apple.product-type.bundle.ui-testing";
		};
/* End PBXNativeTarget section */

/* Begin PBXProject section */
		67F5FF282598B30100A42DB6 /* Project object */ = {
			isa = PBXProject;
			attributes = {
				LastSwiftUpdateCheck = 1230;
				LastUpgradeCheck = 1230;
				TargetAttributes = {
					67F5FF2F2598B30100A42DB6 = {
						CreatedOnToolsVersion = 12.3;
					};
					67F5FF402598B30300A42DB6 = {
						CreatedOnToolsVersion = 12.3;
						TestTargetID = 67F5FF2F2598B30100A42DB6;
					};
					67F5FF4B2598B30300A42DB6 = {
						CreatedOnToolsVersion = 12.3;
						TestTargetID = 67F5FF2F2598B30100A42DB6;
					};
				};
			};
			buildConfigurationList = 67F5FF2B2598B30100A42DB6 /* Build configuration list for PBXProject "UI-87" */;
			compatibilityVersion = "Xcode 9.3";
			developmentRegion = en;
			hasScannedForEncodings = 0;
			knownRegions = (
				en,
				Base,
			);
			mainGroup = 67F5FF272598B30100A42DB6;
			productRefGroup = 67F5FF312598B30100A42DB6 /* Products */;
			projectDirPath = "";
			projectRoot = "";
			targets = (
				67F5FF2F2598B30100A42DB6 /* UI-87 */,
				67F5FF402598B30300A42DB6 /* UI-87Tests */,
				67F5FF4B2598B30300A42DB6 /* UI-87UITests */,
			);
		};
/* End PBXProject section */

/* Begin PBXResourcesBuildPhase section */
		67F5FF2E2598B30100A42DB6 /* Resources */ = {
			isa = PBXResourcesBuildPhase;
			buildActionMask = 2147483647;
			files = (
				67F5FF3B2598B30300A42DB6 /* Preview Assets.xcassets in Resources */,
				67F5FF382598B30300A42DB6 /* Assets.xcassets in Resources */,
			);
			runOnlyForDeploymentPostprocessing = 0;
		};
		67F5FF3F2598B30300A42DB6 /* Resources */ = {
			isa = PBXResourcesBuildPhase;
			buildActionMask = 2147483647;
			files = (
			);
			runOnlyForDeploymentPostprocessing = 0;
		};
		67F5FF4A2598B30300A42DB6 /* Resources */ = {
			isa = PBXResourcesBuildPhase;
			buildActionMask = 2147483647;
			files = (
			);
			runOnlyForDeploymentPostprocessing = 0;
		};
/* End PBXResourcesBuildPhase section */

/* Begin PBXSourcesBuildPhase section */
		67F5FF2C2598B30100A42DB6 /* Sources */ = {
			isa = PBXSourcesBuildPhase;
			buildActionMask = 2147483647;
			files = (
				67F5FF362598B30100A42DB6 /* ContentView.swift in Sources */,
				67F5FF342598B30100A42DB6 /* UI_87App.swift in Sources */,
			);
			runOnlyForDeploymentPostprocessing = 0;
		};
		67F5FF3D2598B30300A42DB6 /* Sources */ = {
			isa = PBXSourcesBuildPhase;
			buildActionMask = 2147483647;
			files = (
				67F5FF462598B30300A42DB6 /* UI_87Tests.swift in Sources */,
			);
			runOnlyForDeploymentPostprocessing = 0;
		};
		67F5FF482598B30300A42DB6 /* Sources */ = {
			isa = PBXSourcesBuildPhase;
			buildActionMask = 2147483647;
			files = (
				67F5FF512598B30300A42DB6 /* UI_87UITests.swift in Sources */,
			);
			runOnlyForDeploymentPostprocessing = 0;
		};
/* End PBXSourcesBuildPhase section */

/* Begin PBXTargetDependency section */
		67F5FF432598B30300A42DB6 /* PBXTargetDependency */ = {
			isa = PBXTargetDependency;
			target = 67F5FF2F2598B30100A42DB6 /* UI-87 */;
			targetProxy = 67F5FF422598B30300A42DB6 /* PBXContainerItemProxy */;
		};
		67F5FF4E2598B30300A42DB6 /* PBXTargetDependency */ = {
			isa = PBXTargetDependency;
			target = 67F5FF2F2598B30100A42DB6 /* UI-87 */;
			targetProxy = 67F5FF4D2598B30300A42DB6 /* PBXContainerItemProxy */;
		};
/* End PBXTargetDependency section */

/* Begin XCBuildConfiguration section */
		67F5FF532598B30300A42DB6 /* Debug */ = {
			isa = XCBuildConfiguration;
			buildSettings = {
				ALWAYS_SEARCH_USER_PATHS = NO;
				CLANG_ANALYZER_NONNULL = YES;
				CLANG_ANALYZER_NUMBER_OBJECT_CONVERSION = YES_AGGRESSIVE;
				CLANG_CXX_LANGUAGE_STANDARD = "gnu++14";
				CLANG_CXX_LIBRARY = "libc++";
				CLANG_ENABLE_MODULES = YES;
				CLANG_ENABLE_OBJC_ARC = YES;
				CLANG_ENABLE_OBJC_WEAK = YES;
				CLANG_WARN_BLOCK_CAPTURE_AUTORELEASING = YES;
				CLANG_WARN_BOOL_CONVERSION = YES;
				CLANG_WARN_COMMA = YES;
				CLANG_WARN_CONSTANT_CONVERSION = YES;
				CLANG_WARN_DEPRECATED_OBJC_IMPLEMENTATIONS = YES;
				CLANG_WARN_DIRECT_OBJC_ISA_USAGE = YES_ERROR;
				CLANG_WARN_DOCUMENTATION_COMMENTS = YES;
				CLANG_WARN_EMPTY_BODY = YES;
				CLANG_WARN_ENUM_CONVERSION = YES;
				CLANG_WARN_INFINITE_RECURSION = YES;
				CLANG_WARN_INT_CONVERSION = YES;
				CLANG_WARN_NON_LITERAL_NULL_CONVERSION = YES;
				CLANG_WARN_OBJC_IMPLICIT_RETAIN_SELF = YES;
				CLANG_WARN_OBJC_LITERAL_CONVERSION = YES;
				CLANG_WARN_OBJC_ROOT_CLASS = YES_ERROR;
				CLANG_WARN_QUOTED_INCLUDE_IN_FRAMEWORK_HEADER = YES;
				CLANG_WARN_RANGE_LOOP_ANALYSIS = YES;
				CLANG_WARN_STRICT_PROTOTYPES = YES;
				CLANG_WARN_SUSPICIOUS_MOVE = YES;
				CLANG_WARN_UNGUARDED_AVAILABILITY = YES_AGGRESSIVE;
				CLANG_WARN_UNREACHABLE_CODE = YES;
				CLANG_WARN__DUPLICATE_METHOD_MATCH = YES;
				COPY_PHASE_STRIP = NO;
				DEBUG_INFORMATION_FORMAT = dwarf;
				ENABLE_STRICT_OBJC_MSGSEND = YES;
				ENABLE_TESTABILITY = YES;
				GCC_C_LANGUAGE_STANDARD = gnu11;
				GCC_DYNAMIC_NO_PIC = NO;
				GCC_NO_COMMON_BLOCKS = YES;
				GCC_OPTIMIZATION_LEVEL = 0;
				GCC_PREPROCESSOR_DEFINITIONS = (
					"DEBUG=1",
					"$(inherited)",
				);
				GCC_WARN_64_TO_32_BIT_CONVERSION = YES;
				GCC_WARN_ABOUT_RETURN_TYPE = YES_ERROR;
				GCC_WARN_UNDECLARED_SELECTOR = YES;
				GCC_WARN_UNINITIALIZED_AUTOS = YES_AGGRESSIVE;
				GCC_WARN_UNUSED_FUNCTION = YES;
				GCC_WARN_UNUSED_VARIABLE = YES;
				IPHONEOS_DEPLOYMENT_TARGET = 14.3;
				MTL_ENABLE_DEBUG_INFO = INCLUDE_SOURCE;
				MTL_FAST_MATH = YES;
				ONLY_ACTIVE_ARCH = YES;
				SDKROOT = iphoneos;
				SWIFT_ACTIVE_COMPILATION_CONDITIONS = DEBUG;
				SWIFT_OPTIMIZATION_LEVEL = "-Onone";
			};
			name = Debug;
		};
		67F5FF542598B30300A42DB6 /* Release */ = {
			isa = XCBuildConfiguration;
			buildSettings = {
				ALWAYS_SEARCH_USER_PATHS = NO;
				CLANG_ANALYZER_NONNULL = YES;
				CLANG_ANALYZER_NUMBER_OBJECT_CONVERSION = YES_AGGRESSIVE;
				CLANG_CXX_LANGUAGE_STANDARD = "gnu++14";
				CLANG_CXX_LIBRARY = "libc++";
				CLANG_ENABLE_MODULES = YES;
				CLANG_ENABLE_OBJC_ARC = YES;
				CLANG_ENABLE_OBJC_WEAK = YES;
				CLANG_WARN_BLOCK_CAPTURE_AUTORELEASING = YES;
				CLANG_WARN_BOOL_CONVERSION = YES;
				CLANG_WARN_COMMA = YES;
				CLANG_WARN_CONSTANT_CONVERSION = YES;
				CLANG_WARN_DEPRECATED_OBJC_IMPLEMENTATIONS = YES;
				CLANG_WARN_DIRECT_OBJC_ISA_USAGE = YES_ERROR;
				CLANG_WARN_DOCUMENTATION_COMMENTS = YES;
				CLANG_WARN_EMPTY_BODY = YES;
				CLANG_WARN_ENUM_CONVERSION = YES;
				CLANG_WARN_INFINITE_RECURSION = YES;
				CLANG_WARN_INT_CONVERSION = YES;
				CLANG_WARN_NON_LITERAL_NULL_CONVERSION = YES;
				CLANG_WARN_OBJC_IMPLICIT_RETAIN_SELF = YES;
				CLANG_WARN_OBJC_LITERAL_CONVERSION = YES;
				CLANG_WARN_OBJC_ROOT_CLASS = YES_ERROR;
				CLANG_WARN_QUOTED_INCLUDE_IN_FRAMEWORK_HEADER = YES;
				CLANG_WARN_RANGE_LOOP_ANALYSIS = YES;
				CLANG_WARN_STRICT_PROTOTYPES = YES;
				CLANG_WARN_SUSPICIOUS_MOVE = YES;
				CLANG_WARN_UNGUARDED_AVAILABILITY = YES_AGGRESSIVE;
				CLANG_WARN_UNREACHABLE_CODE = YES;
				CLANG_WARN__DUPLICATE_METHOD_MATCH = YES;
				COPY_PHASE_STRIP = NO;
				DEBUG_INFORMATION_FORMAT = "dwarf-with-dsym";
				ENABLE_NS_ASSERTIONS = NO;
				ENABLE_STRICT_OBJC_MSGSEND = YES;
				GCC_C_LANGUAGE_STANDARD = gnu11;
				GCC_NO_COMMON_BLOCKS = YES;
				GCC_WARN_64_TO_32_BIT_CONVERSION = YES;
				GCC_WARN_ABOUT_RETURN_TYPE = YES_ERROR;
				GCC_WARN_UNDECLARED_SELECTOR = YES;
				GCC_WARN_UNINITIALIZED_AUTOS = YES_AGGRESSIVE;
				GCC_WARN_UNUSED_FUNCTION = YES;
				GCC_WARN_UNUSED_VARIABLE = YES;
				IPHONEOS_DEPLOYMENT_TARGET = 14.3;
				MTL_ENABLE_DEBUG_INFO = NO;
				MTL_FAST_MATH = YES;
				SDKROOT = iphoneos;
				SWIFT_COMPILATION_MODE = wholemodule;
				SWIFT_OPTIMIZATION_LEVEL = "-O";
				VALIDATE_PRODUCT = YES;
			};
			name = Release;
		};
		67F5FF562598B30300A42DB6 /* Debug */ = {
			isa = XCBuildConfiguration;
			buildSettings = {
				ASSETCATALOG_COMPILER_APPICON_NAME = AppIcon;
				ASSETCATALOG_COMPILER_GLOBAL_ACCENT_COLOR_NAME = AccentColor;
				CODE_SIGN_STYLE = Automatic;
				DEVELOPMENT_ASSET_PATHS = "\"UI-87/Preview Content\"";
				ENABLE_PREVIEWS = YES;
				INFOPLIST_FILE = "UI-87/Info.plist";
				IPHONEOS_DEPLOYMENT_TARGET = 14.0;
				LD_RUNPATH_SEARCH_PATHS = (
					"$(inherited)",
					"@executable_path/Frameworks",
				);
				PRODUCT_BUNDLE_IDENTIFIER = "com.uzu.UI-87";
				PRODUCT_NAME = "$(TARGET_NAME)";
				SWIFT_VERSION = 5.0;
				TARGETED_DEVICE_FAMILY = "1,2";
			};
			name = Debug;
		};
		67F5FF572598B30300A42DB6 /* Release */ = {
			isa = XCBuildConfiguration;
			buildSettings = {
				ASSETCATALOG_COMPILER_APPICON_NAME = AppIcon;
				ASSETCATALOG_COMPILER_GLOBAL_ACCENT_COLOR_NAME = AccentColor;
				CODE_SIGN_STYLE = Automatic;
				DEVELOPMENT_ASSET_PATHS = "\"UI-87/Preview Content\"";
				ENABLE_PREVIEWS = YES;
				INFOPLIST_FILE = "UI-87/Info.plist";
				IPHONEOS_DEPLOYMENT_TARGET = 14.0;
				LD_RUNPATH_SEARCH_PATHS = (
					"$(inherited)",
					"@executable_path/Frameworks",
				);
				PRODUCT_BUNDLE_IDENTIFIER = "com.uzu.UI-87";
				PRODUCT_NAME = "$(TARGET_NAME)";
				SWIFT_VERSION = 5.0;
				TARGETED_DEVICE_FAMILY = "1,2";
			};
			name = Release;
		};
		67F5FF592598B30300A42DB6 /* Debug */ = {
			isa = XCBuildConfiguration;
			buildSettings = {
				ALWAYS_EMBED_SWIFT_STANDARD_LIBRARIES = YES;
				BUNDLE_LOADER = "$(TEST_HOST)";
				CODE_SIGN_STYLE = Automatic;
				INFOPLIST_FILE = "UI-87Tests/Info.plist";
				IPHONEOS_DEPLOYMENT_TARGET = 14.0;
				LD_RUNPATH_SEARCH_PATHS = (
					"$(inherited)",
					"@executable_path/Frameworks",
					"@loader_path/Frameworks",
				);
				PRODUCT_BUNDLE_IDENTIFIER = "com.uzu.UI-87Tests";
				PRODUCT_NAME = "$(TARGET_NAME)";
				SWIFT_VERSION = 5.0;
				TARGETED_DEVICE_FAMILY = "1,2";
				TEST_HOST = "$(BUILT_PRODUCTS_DIR)/UI-87.app/UI-87";
			};
			name = Debug;
		};
		67F5FF5A2598B30300A42DB6 /* Release */ = {
			isa = XCBuildConfiguration;
			buildSettings = {
				ALWAYS_EMBED_SWIFT_STANDARD_LIBRARIES = YES;
				BUNDLE_LOADER = "$(TEST_HOST)";
				CODE_SIGN_STYLE = Automatic;
				INFOPLIST_FILE = "UI-87Tests/Info.plist";
				IPHONEOS_DEPLOYMENT_TARGET = 14.0;
				LD_RUNPATH_SEARCH_PATHS = (
					"$(inherited)",
					"@executable_path/Frameworks",
					"@loader_path/Frameworks",
				);
				PRODUCT_BUNDLE_IDENTIFIER = "com.uzu.UI-87Tests";
				PRODUCT_NAME = "$(TARGET_NAME)";
				SWIFT_VERSION = 5.0;
				TARGETED_DEVICE_FAMILY = "1,2";
				TEST_HOST = "$(BUILT_PRODUCTS_DIR)/UI-87.app/UI-87";
			};
			name = Release;
		};
		67F5FF5C2598B30300A42DB6 /* Debug */ = {
			isa = XCBuildConfiguration;
			buildSettings = {
				ALWAYS_EMBED_SWIFT_STANDARD_LIBRARIES = YES;
				CODE_SIGN_STYLE = Automatic;
				INFOPLIST_FILE = "UI-87UITests/Info.plist";
				LD_RUNPATH_SEARCH_PATHS = (
					"$(inherited)",
					"@executable_path/Frameworks",
					"@loader_path/Frameworks",
				);
				PRODUCT_BUNDLE_IDENTIFIER = "com.uzu.UI-87UITests";
				PRODUCT_NAME = "$(TARGET_NAME)";
				SWIFT_VERSION = 5.0;
				TARGETED_DEVICE_FAMILY = "1,2";
				TEST_TARGET_NAME = "UI-87";
			};
			name = Debug;
		};
		67F5FF5D2598B30300A42DB6 /* Release */ = {
			isa = XCBuildConfiguration;
			buildSettings = {
				ALWAYS_EMBED_SWIFT_STANDARD_LIBRARIES = YES;
				CODE_SIGN_STYLE = Automatic;
				INFOPLIST_FILE = "UI-87UITests/Info.plist";
				LD_RUNPATH_SEARCH_PATHS = (
					"$(inherited)",
					"@executable_path/Frameworks",
					"@loader_path/Frameworks",
				);
				PRODUCT_BUNDLE_IDENTIFIER = "com.uzu.UI-87UITests";
				PRODUCT_NAME = "$(TARGET_NAME)";
				SWIFT_VERSION = 5.0;
				TARGETED_DEVICE_FAMILY = "1,2";
				TEST_TARGET_NAME = "UI-87";
			};
			name = Release;
		};
/* End XCBuildConfiguration section */

/* Begin XCConfigurationList section */
		67F5FF2B2598B30100A42DB6 /* Build configuration list for PBXProject "UI-87" */ = {
			isa = XCConfigurationList;
			buildConfigurations = (
				67F5FF532598B30300A42DB6 /* Debug */,
				67F5FF542598B30300A42DB6 /* Release */,
			);
			defaultConfigurationIsVisible = 0;
			defaultConfigurationName = Release;
		};
		67F5FF552598B30300A42DB6 /* Build configuration list for PBXNativeTarget "UI-87" */ = {
			isa = XCConfigurationList;
			buildConfigurations = (
				67F5FF562598B30300A42DB6 /* Debug */,
				67F5FF572598B30300A42DB6 /* Release */,
			);
			defaultConfigurationIsVisible = 0;
			defaultConfigurationName = Release;
		};
		67F5FF582598B30300A42DB6 /* Build configuration list for PBXNativeTarget "UI-87Tests" */ = {
			isa = XCConfigurationList;
			buildConfigurations = (
				67F5FF592598B30300A42DB6 /* Debug */,
				67F5FF5A2598B30300A42DB6 /* Release */,
			);
			defaultConfigurationIsVisible = 0;
			defaultConfigurationName = Release;
		};
		67F5FF5B2598B30300A42DB6 /* Build configuration list for PBXNativeTarget "UI-87UITests" */ = {
			isa = XCConfigurationList;
			buildConfigurations = (
				67F5FF5C2598B30300A42DB6 /* Debug */,
				67F5FF5D2598B30300A42DB6 /* Release */,
			);
			defaultConfigurationIsVisible = 0;
			defaultConfigurationName = Release;
		};
/* End XCConfigurationList section */
	};
	rootObject = 67F5FF282598B30100A42DB6 /* Project object */;
}
